
Microsoft Visual Studio Solution File, Format Version 12.00
# Visual Studio Version 16
VisualStudioVersion = 16.0.31205.134
MinimumVisualStudioVersion = 10.0.40219.1
Project("{FAE04EC0-301F-11D3-BF4B-00C04F79EFBC}") = "Day21_CSVHelperAndJson", "Day21_CSVHelperAndJson\Day21_CSVHelperAndJson.csproj", "{EF1106F8-C3C3-402E-9629-745AC4435D30}"
EndProject
Global
	GlobalSection(SolutionConfigurationPlatforms) = preSolution
		Debug|Any CPU = Debug|Any CPU
		Release|Any CPU = Release|Any CPU
	EndGlobalSection
	GlobalSection(ProjectConfigurationPlatforms) = postSolution
		{EF1106F8-C3C3-402E-9629-745AC4435D30}.Debug|Any CPU.ActiveCfg = Debug|Any CPU
		{EF1106F8-C3C3-402E-9629-745AC4435D30}.Debug|Any CPU.Build.0 = Debug|Any CPU
		{EF1106F8-C3C3-402E-9629-745AC4435D30}.Release|Any CPU.ActiveCfg = Release|Any CPU
		{EF1106F8-C3C3-402E-9629-745AC4435D30}.Release|Any CPU.Build.0 = Release|Any CPU
	EndGlobalSection
	GlobalSection(SolutionProperties) = preSolution
		HideSolutionNode = FALSE
	EndGlobalSection
	GlobalSection(ExtensibilityGlobals) = postSolution
		SolutionGuid = {1BAB0046-8DA8-4DFC-BAA1-692B7E1499D3}
	EndGlobalSection
EndGlobal
